
Microsoft Visual Studio Solution File, Format Version 12.00
# Visual Studio Version 17
VisualStudioVersion = 17.14.36616.10
MinimumVisualStudioVersion = 10.0.40219.1
Project("{FAE04EC0-301F-11D3-BF4B-00C04F79EFBC}") = "LinearModel", "ModelNedir\LinearModel.csproj", "{C6E07F09-ED06-4150-A5A2-237E00AA9295}"
EndProject
Project("{FAE04EC0-301F-11D3-BF4B-00C04F79EFBC}") = "MSE_Kullanimi", "MSE_Kullanimi\MSE_Kullanimi.csproj", "{36EBD3E5-9F9F-464B-888E-EDE38A096AD7}"
EndProject
Project("{FAE04EC0-301F-11D3-BF4B-00C04F79EFBC}") = "SigmoidModel", "AktivasyonFonksiyonluTekNoron\SigmoidModel.csproj", "{1C3DCFC7-CA10-45C5-9C9A-9A7C6BE67537}"
EndProject
Project("{FAE04EC0-301F-11D3-BF4B-00C04F79EFBC}") = "BinaryCrossEntropy", "BinaryCrossEntropy\BinaryCrossEntropy.csproj", "{D814A68A-3DFA-4973-9D51-4C2952088B93}"
EndProject
Project("{FAE04EC0-301F-11D3-BF4B-00C04F79EFBC}") = "deneme", "deneme\deneme.csproj", "{29FD5A27-E0E0-4F48-8E11-9BD345D6C7FA}"
EndProject
Global
	GlobalSection(SolutionConfigurationPlatforms) = preSolution
		Debug|Any CPU = Debug|Any CPU
		Release|Any CPU = Release|Any CPU
	EndGlobalSection
	GlobalSection(ProjectConfigurationPlatforms) = postSolution
		{C6E07F09-ED06-4150-A5A2-237E00AA9295}.Debug|Any CPU.ActiveCfg = Debug|Any CPU
		{C6E07F09-ED06-4150-A5A2-237E00AA9295}.Debug|Any CPU.Build.0 = Debug|Any CPU
		{C6E07F09-ED06-4150-A5A2-237E00AA9295}.Release|Any CPU.ActiveCfg = Release|Any CPU
		{C6E07F09-ED06-4150-A5A2-237E00AA9295}.Release|Any CPU.Build.0 = Release|Any CPU
		{36EBD3E5-9F9F-464B-888E-EDE38A096AD7}.Debug|Any CPU.ActiveCfg = Debug|Any CPU
		{36EBD3E5-9F9F-464B-888E-EDE38A096AD7}.Debug|Any CPU.Build.0 = Debug|Any CPU
		{36EBD3E5-9F9F-464B-888E-EDE38A096AD7}.Release|Any CPU.ActiveCfg = Release|Any CPU
		{36EBD3E5-9F9F-464B-888E-EDE38A096AD7}.Release|Any CPU.Build.0 = Release|Any CPU
		{1C3DCFC7-CA10-45C5-9C9A-9A7C6BE67537}.Debug|Any CPU.ActiveCfg = Debug|Any CPU
		{1C3DCFC7-CA10-45C5-9C9A-9A7C6BE67537}.Debug|Any CPU.Build.0 = Debug|Any CPU
		{1C3DCFC7-CA10-45C5-9C9A-9A7C6BE67537}.Release|Any CPU.ActiveCfg = Release|Any CPU
		{1C3DCFC7-CA10-45C5-9C9A-9A7C6BE67537}.Release|Any CPU.Build.0 = Release|Any CPU
		{D814A68A-3DFA-4973-9D51-4C2952088B93}.Debug|Any CPU.ActiveCfg = Debug|Any CPU
		{D814A68A-3DFA-4973-9D51-4C2952088B93}.Debug|Any CPU.Build.0 = Debug|Any CPU
		{D814A68A-3DFA-4973-9D51-4C2952088B93}.Release|Any CPU.ActiveCfg = Release|Any CPU
		{D814A68A-3DFA-4973-9D51-4C2952088B93}.Release|Any CPU.Build.0 = Release|Any CPU
		{29FD5A27-E0E0-4F48-8E11-9BD345D6C7FA}.Debug|Any CPU.ActiveCfg = Debug|Any CPU
		{29FD5A27-E0E0-4F48-8E11-9BD345D6C7FA}.Debug|Any CPU.Build.0 = Debug|Any CPU
		{29FD5A27-E0E0-4F48-8E11-9BD345D6C7FA}.Release|Any CPU.ActiveCfg = Release|Any CPU
		{29FD5A27-E0E0-4F48-8E11-9BD345D6C7FA}.Release|Any CPU.Build.0 = Release|Any CPU
	EndGlobalSection
	GlobalSection(SolutionProperties) = preSolution
		HideSolutionNode = FALSE
	EndGlobalSection
	GlobalSection(ExtensibilityGlobals) = postSolution
		SolutionGuid = {1B5EF632-9CC1-4237-B63D-8E3539FA5166}
	EndGlobalSection
EndGlobal
